
Microsoft Visual Studio Solution File, Format Version 12.00
# Visual Studio Version 16
VisualStudioVersion = 16.0.30114.105
MinimumVisualStudioVersion = 10.0.40219.1
Project("{FAE04EC0-301F-11D3-BF4B-00C04F79EFBC}") = "R5T.T0025", "R5T.T0025\R5T.T0025.csproj", "{50207A8D-E715-4F3C-A129-8B2F58BF15DE}"
EndProject
Project("{FAE04EC0-301F-11D3-BF4B-00C04F79EFBC}") = "R5T.T0025.Construction", "R5T.T0025.Construction\R5T.T0025.Construction.csproj", "{99F2E054-A7D9-4FF6-BBAF-C1188108BBAF}"
EndProject
Global
	GlobalSection(SolutionConfigurationPlatforms) = preSolution
		Debug|Any CPU = Debug|Any CPU
		Debug|x64 = Debug|x64
		Debug|x86 = Debug|x86
		Release|Any CPU = Release|Any CPU
		Release|x64 = Release|x64
		Release|x86 = Release|x86
	EndGlobalSection
	GlobalSection(SolutionProperties) = preSolution
		HideSolutionNode = FALSE
	EndGlobalSection
	GlobalSection(ProjectConfigurationPlatforms) = postSolution
		{50207A8D-E715-4F3C-A129-8B2F58BF15DE}.Debug|Any CPU.ActiveCfg = Debug|Any CPU
		{50207A8D-E715-4F3C-A129-8B2F58BF15DE}.Debug|Any CPU.Build.0 = Debug|Any CPU
		{50207A8D-E715-4F3C-A129-8B2F58BF15DE}.Debug|x64.ActiveCfg = Debug|Any CPU
		{50207A8D-E715-4F3C-A129-8B2F58BF15DE}.Debug|x64.Build.0 = Debug|Any CPU
		{50207A8D-E715-4F3C-A129-8B2F58BF15DE}.Debug|x86.ActiveCfg = Debug|Any CPU
		{50207A8D-E715-4F3C-A129-8B2F58BF15DE}.Debug|x86.Build.0 = Debug|Any CPU
		{50207A8D-E715-4F3C-A129-8B2F58BF15DE}.Release|Any CPU.ActiveCfg = Release|Any CPU
		{50207A8D-E715-4F3C-A129-8B2F58BF15DE}.Release|Any CPU.Build.0 = Release|Any CPU
		{50207A8D-E715-4F3C-A129-8B2F58BF15DE}.Release|x64.ActiveCfg = Release|Any CPU
		{50207A8D-E715-4F3C-A129-8B2F58BF15DE}.Release|x64.Build.0 = Release|Any CPU
		{50207A8D-E715-4F3C-A129-8B2F58BF15DE}.Release|x86.ActiveCfg = Release|Any CPU
		{50207A8D-E715-4F3C-A129-8B2F58BF15DE}.Release|x86.Build.0 = Release|Any CPU
		{99F2E054-A7D9-4FF6-BBAF-C1188108BBAF}.Debug|Any CPU.ActiveCfg = Debug|Any CPU
		{99F2E054-A7D9-4FF6-BBAF-C1188108BBAF}.Debug|Any CPU.Build.0 = Debug|Any CPU
		{99F2E054-A7D9-4FF6-BBAF-C1188108BBAF}.Debug|x64.ActiveCfg = Debug|Any CPU
		{99F2E054-A7D9-4FF6-BBAF-C1188108BBAF}.Debug|x64.Build.0 = Debug|Any CPU
		{99F2E054-A7D9-4FF6-BBAF-C1188108BBAF}.Debug|x86.ActiveCfg = Debug|Any CPU
		{99F2E054-A7D9-4FF6-BBAF-C1188108BBAF}.Debug|x86.Build.0 = Debug|Any CPU
		{99F2E054-A7D9-4FF6-BBAF-C1188108BBAF}.Release|Any CPU.ActiveCfg = Release|Any CPU
		{99F2E054-A7D9-4FF6-BBAF-C1188108BBAF}.Release|Any CPU.Build.0 = Release|Any CPU
		{99F2E054-A7D9-4FF6-BBAF-C1188108BBAF}.Release|x64.ActiveCfg = Release|Any CPU
		{99F2E054-A7D9-4FF6-BBAF-C1188108BBAF}.Release|x64.Build.0 = Release|Any CPU
		{99F2E054-A7D9-4FF6-BBAF-C1188108BBAF}.Release|x86.ActiveCfg = Release|Any CPU
		{99F2E054-A7D9-4FF6-BBAF-C1188108BBAF}.Release|x86.Build.0 = Release|Any CPU
	EndGlobalSection
EndGlobal
